<?xml version="1.0" encoding="utf-8"?>
<Project ToolsVersion="4.0" xmlns="http://schemas.microsoft.com/developer/msbuild/2003">
  <ItemGroup>
    <Filter Include="Fichiers sources">
      <UniqueIdentifier>{4FC737F1-C7A5-4376-A066-2A32D752A2FF}</UniqueIdentifier>
      <Extensions>cpp;c;cc;cxx;c++;cppm;ixx;def;odl;idl;hpj;bat;asm;asmx</Extensions>
    </Filter>
    <Filter Include="Fichiers d%27en-tête">
      <UniqueIdentifier>{93995380-89BD-4b04-88EB-625FBE52EBFB}</UniqueIdentifier>
      <Extensions>h;hh;hpp;hxx;h++;hm;inl;inc;ipp;xsd</Extensions>
    </Filter>
    <Filter Include="Fichiers de ressources">
      <UniqueIdentifier>{67DA6AB6-F800-4c08-8B7A-83BB121AAD01}</UniqueIdentifier>
      <Extensions>rc;ico;cur;bmp;dlg;rc2;rct;bin;rgs;gif;jpg;jpeg;jpe;resx;tiff;tif;png;wav;mfcribbon-ms</Extensions>
    </Filter>
    <Filter Include="Fichiers d%27en-tête\Manager">
      <UniqueIdentifier>{5f6ee2ad-493b-4515-8675-ce02436e3a5d}</UniqueIdentifier>
    </Filter>
    <Filter Include="Fichiers d%27en-tête\FSM">
      <UniqueIdentifier>{5f5561ea-370e-4392-872a-87b2b2bfc94c}</UniqueIdentifier>
    </Filter>
    <Filter Include="Fichiers d%27en-tête\GOAP">
      <UniqueIdentifier>{bbe7155e-4836-4b5b-a4d6-6c1e5688f7a7}</UniqueIdentifier>
    </Filter>
    <Filter Include="Fichiers sources\Manager">
      <UniqueIdentifier>{7af65490-e9fa-41bf-a1de-a3a432b01914}</UniqueIdentifier>
    </Filter>
    <Filter Include="Fichiers d%27en-tête\BehaviorTree">
      <UniqueIdentifier>{7888b787-56d9-48d8-a043-2865a1bae4c8}</UniqueIdentifier>
    </Filter>
    <Filter Include="Fichiers sources\FSM">
      <UniqueIdentifier>{2538dea3-030c-4df5-8c95-864b83c2f927}</UniqueIdentifier>
    </Filter>
    <Filter Include="Fichiers sources\GOAP">
      <UniqueIdentifier>{f5012dbb-edfe-4f08-9cdd-518d8e96bda1}</UniqueIdentifier>
    </Filter>
    <Filter Include="Fichiers sources\BehaviorTree">
      <UniqueIdentifier>{3f3c3606-588a-4784-b9fc-a1167a5e5775}</UniqueIdentifier>
    </Filter>
    <Filter Include="Fichiers d%27en-tête\BehaviorTree\Patrouille">
      <UniqueIdentifier>{12f62b7a-9ca8-4d95-8c3d-a203eec8d455}</UniqueIdentifier>
    </Filter>
    <Filter Include="Fichiers d%27en-tête\BehaviorTree\Detection">
      <UniqueIdentifier>{225c6f1f-949a-4ca4-9eec-237d802ff6e5}</UniqueIdentifier>
    </Filter>
  </ItemGroup>
  <ItemGroup>
    <ClCompile Include="main.cpp">
      <Filter>Fichiers sources</Filter>
    </ClCompile>
    <ClCompile Include="Entity.cpp">
      <Filter>Fichiers sources</Filter>
    </ClCompile>
    <ClCompile Include="Player.cpp">
      <Filter>Fichiers sources</Filter>
    </ClCompile>
    <ClCompile Include="Enemy.cpp">
      <Filter>Fichiers sources</Filter>
    </ClCompile>
    <ClCompile Include="Grid.cpp">
      <Filter>Fichiers sources</Filter>
    </ClCompile>
    <ClCompile Include="Node.cpp">
      <Filter>Fichiers sources</Filter>
    </ClCompile>
    <ClCompile Include="Pathfinding.cpp">
      <Filter>Fichiers sources</Filter>
    </ClCompile>
    <ClCompile Include="FootStep.cpp">
      <Filter>Fichiers sources</Filter>
    </ClCompile>
    <ClCompile Include="ReloadAction.hpp">
      <Filter>Fichiers d%27en-tête\GOAP</Filter>
    </ClCompile>
    <ClCompile Include="EnemyManager.cpp">
      <Filter>Fichiers sources\Manager</Filter>
    </ClCompile>
    <ClCompile Include="FootStepsManager.cpp">
      <Filter>Fichiers sources\Manager</Filter>
    </ClCompile>
    <ClCompile Include="CameraMGS.cpp">
      <Filter>Fichiers sources\BehaviorTree</Filter>
    </ClCompile>
    <ClCompile Include="Action.cpp">
      <Filter>Fichiers sources\GOAP</Filter>
    </ClCompile>
    <ClCompile Include="PatrolMGS.cpp">
      <Filter>Fichiers sources\FSM</Filter>
    </ClCompile>
    <ClCompile Include="ShooterEnemy.cpp">
      <Filter>Fichiers sources\GOAP</Filter>
    </ClCompile>
    <ClCompile Include="ShootAction.cpp">
      <Filter>Fichiers sources\GOAP</Filter>
    </ClCompile>
    <ClCompile Include="AlerteAll.cpp">
      <Filter>Fichiers sources</Filter>
    </ClCompile>
    <ClCompile Include="ConditionAlerte.cpp">
      <Filter>Fichiers sources</Filter>
    </ClCompile>
    <ClCompile Include="RotateCamera.cpp">
      <Filter>Fichiers sources</Filter>
    </ClCompile>
  </ItemGroup>
  <ItemGroup>
    <ClInclude Include="Entity.hpp">
      <Filter>Fichiers d%27en-tête</Filter>
    </ClInclude>
    <ClInclude Include="Player.hpp">
      <Filter>Fichiers d%27en-tête</Filter>
    </ClInclude>
    <ClInclude Include="Enemy.hpp">
      <Filter>Fichiers d%27en-tête</Filter>
    </ClInclude>
    <ClInclude Include="Grid.hpp">
      <Filter>Fichiers d%27en-tête</Filter>
    </ClInclude>
    <ClInclude Include="Node.hpp">
      <Filter>Fichiers d%27en-tête</Filter>
    </ClInclude>
    <ClInclude Include="Pathfinding.hpp">
      <Filter>Fichiers d%27en-tête</Filter>
    </ClInclude>
    <ClInclude Include="FootStep.hpp">
      <Filter>Fichiers d%27en-tête</Filter>
    </ClInclude>
    <ClInclude Include="EnemyManager.hpp">
      <Filter>Fichiers d%27en-tête\Manager</Filter>
    </ClInclude>
    <ClInclude Include="FootStepsManager.hpp">
      <Filter>Fichiers d%27en-tête\Manager</Filter>
    </ClInclude>
    <ClInclude Include="PatrolMGS.hpp">
      <Filter>Fichiers d%27en-tête\FSM</Filter>
    </ClInclude>
    <ClInclude Include="GOAPPlanner.hpp">
      <Filter>Fichiers d%27en-tête\GOAP</Filter>
    </ClInclude>
    <ClInclude Include="MoveToReloadAction.hpp">
      <Filter>Fichiers d%27en-tête\GOAP</Filter>
    </ClInclude>
    <ClInclude Include="ShooterEnemy.hpp">
      <Filter>Fichiers d%27en-tête\GOAP</Filter>
    </ClInclude>
    <ClInclude Include="ShootAction.hpp">
      <Filter>Fichiers d%27en-tête\GOAP</Filter>
    </ClInclude>
    <ClInclude Include="SelectorNode.hpp">
      <Filter>Fichiers d%27en-tête\BehaviorTree</Filter>
    </ClInclude>
    <ClInclude Include="CameraMGS.hpp">
      <Filter>Fichiers d%27en-tête\BehaviorTree</Filter>
    </ClInclude>
    <ClInclude Include="Action.hpp">
      <Filter>Fichiers d%27en-tête\GOAP</Filter>
    </ClInclude>
    <ClInclude Include="SequencePatrouille.hpp">
      <Filter>Fichiers d%27en-tête\BehaviorTree\Patrouille</Filter>
    </ClInclude>
    <ClInclude Include="TriggerAlarm.hpp">
      <Filter>Fichiers d%27en-tête\BehaviorTree\Detection</Filter>
    </ClInclude>
    <ClInclude Include="RotateCamera.hpp">
      <Filter>Fichiers d%27en-tête\BehaviorTree\Patrouille</Filter>
    </ClInclude>
    <ClInclude Include="AlerteAll.hpp">
      <Filter>Fichiers d%27en-tête</Filter>
    </ClInclude>
    <ClInclude Include="GOAPAgent.hpp">
      <Filter>Fichiers d%27en-tête</Filter>
    </ClInclude>
    <ClInclude Include="State.hpp">
      <Filter>Fichiers d%27en-tête</Filter>
    </ClInclude>
    <ClInclude Include="SequenceAlerte.hpp">
      <Filter>Fichiers d%27en-tête\BehaviorTree\Detection</Filter>
    </ClInclude>
    <ClInclude Include="ConditionAlerte.hpp">
      <Filter>Fichiers d%27en-tête\BehaviorTree\Detection</Filter>
    </ClInclude>
    <ClInclude Include="BehaviorNode.hpp">
      <Filter>Fichiers d%27en-tête\BehaviorTree</Filter>
    </ClInclude>
  </ItemGroup>
</Project>